{
    "_meta": {
        "hash": {
            "sha256": "c15c8cc0190a84eacffc2788df151c9f5cf5ad1b4b94857ac82abaf45d169935"
        },
        "pipfile-spec": 6,
        "requires": {
            "python_version": "3.8"
        },
        "sources": [
            {
                "name": "pypi",
                "url": "https://pypi.org/simple",
                "verify_ssl": true
            }
        ]
    },
    "default": {
        "babel": {
            "hashes": [
                "sha256:3318ed2960240d61cbc6558858ee00c10eed77a6508c4d1ed8e6f7f48399c975",
                "sha256:c535c4403802f6eb38173cd4863e419e2274921a01a8aad8a5b497c131c62875"
            ],
            "index": "pypi",
            "version": "==2.3.4"
        },
        "beautifulsoup4": {
            "hashes": [
                "sha256:9a315ce70049920ea4572a4055bc4bd700c940521d36fc858205ad4fcde149bf",
                "sha256:c23ad23c521d818955a4151a67d81580319d4bf548d3d49f4223ae041ff98891"
            ],
            "markers": "python_version >= '3.1'",
            "version": "==4.10.0"
        },
        "certifi": {
            "hashes": [
                "sha256:78884e7c1d4b00ce3cea67b44566851c4343c120abd683433ce934a68ea58872",
                "sha256:d62a0163eb4c2344ac042ab2bdf75399a71a2d8c7d47eac2e2ee91b9d6339569"
            ],
            "version": "==2021.10.8"
        },
        "chardet": {
            "hashes": [
                "sha256:84ab92ed1c4d4f16916e05906b6b75a6c0fb5db821cc65e70cbd64a3e2a5eaae",
                "sha256:fc323ffcaeaed0e0a02bf4d117757b98aed530d9ed4531e3e15460124c106691"
            ],
            "index": "pypi",
            "version": "==3.0.4"
        },
        "decorator": {
            "hashes": [
                "sha256:5aff536ed9a65c99e8465c774d5859e56e52300aea0a5012c7a1c4a781fbdddb",
                "sha256:9c6e98edcb33499881b86ede07d9968c81ab7c769e28e9af24075f0a5379f070"
            ],
            "index": "pypi",
            "version": "==4.0.10"
        },
        "docutils": {
            "hashes": [
                "sha256:c7db717810ab6965f66c8cf0398a98c9d8df982da39b4cd7f162911eb89596fa",
                "sha256:dcebd4928112631626f4c4d0df59787c748404e66dda952110030ea883d3b8cd"
            ],
            "index": "pypi",
            "version": "==0.12"
        },
        "ebaysdk": {
            "hashes": [
                "sha256:55360edc239037c3a0aaaf3f39889ddea666b8b1d97c893b2c3fd2269d868b45",
                "sha256:78458e1ea4a0fc7d693c26de363069696393767e4aa9689fd38efbfb08409acd"
            ],
            "index": "pypi",
            "version": "==2.1.5"
        },
        "gevent": {
            "hashes": [
                "sha256:03385b7d2da0e3d3a7682d85a5f19356f7caa861787363fe12edd1d52227163f",
                "sha256:0eab938d65485b900b4f716a099a59459fc7e8b53b8af75bf6267a12f9830a66",
                "sha256:25a094ecdc4f503e81b81b94e654a1a2343bfecafedf7b481e5aa6b0adb84206",
                "sha256:2f33b4f2d55b562d839e93e2355d7f9a6947a9c68e3044eab17a086a725601e6",
                "sha256:33c08d6b4a906169727dc1b9dc709e40f8abd0a966d310bceabc790acd950a56",
                "sha256:3c9229e4eac2df1ce2b097996d3ee318ea90eb11d9e4d7cb14558cbcf02b2262",
                "sha256:45a5af965cc969dd06128740f5999b9bdb440cb0ba4e9c066e5c17a2c33c89a8",
                "sha256:4c6103fa852c352b4f906ea07008fabc06a1f5d2f2209b2f8fbae41227f80a79",
                "sha256:608b13b4e2fa462175a53f61c907c24a179abb4d7902f25709a0f908105c22db",
                "sha256:7593740e5faeb17d5c5a79e6f80c11a618cf5d250b93df1eafa38324ff275676",
                "sha256:75dd068dfa83865f4a51121068b1644be9d61921fe1f5b79cf14cc86729f79b7",
                "sha256:82bd100f70699809be1848c0a04bed86bd817b0f79f67d7340205d23badc7096",
                "sha256:8753de5a3501093508e6f89c347f37a847d7acf541ff28c977bbbedc2e917c13",
                "sha256:975047b90345f7d811977fb859a1455bd9768d584f32c23a06a4821dd9735d1c",
                "sha256:b2814258e3b3fb32786bb73af271ad31f51e1ac01f33b37426b66cb8491b4c29",
                "sha256:b34b42e86b764a9e948991af5fc43f6d39ee0148a8502ad4d9267ec1401e5401",
                "sha256:b94f8f25c6f6ddf9ee3266db9113928c1eca9b01378f8376928620243ee66358",
                "sha256:c182733b7445074f11cd2ccb9b6c19f6407167d551089b24db6c6823224e085f",
                "sha256:c5972a6e8ef5b4ed06c719ab9ea40f76b35e399f76111621009cb8b2a5a20b9c",
                "sha256:cae2bffbda0f1641db20055506105d7c209f79ace0a32134359b3c65a0e9b02f",
                "sha256:ce7c562d02ad6c351799f4c8bf81207056118b01e04908de7aca49580f7f1ead",
                "sha256:d3c93c39d4a23979d199741fc5610e3f75fc6fcc15f779dd2469e343368a5794",
                "sha256:f0fda50447a6f6f50ddc9b865ce7fc3d3389694b3a0648f059f7f5b639fc33d3"
            ],
            "index": "pypi",
            "version": "==1.5.0"
        },
        "greenlet": {
            "hashes": [
                "sha256:0411b5bf0de5ec11060925fd811ad49073fa19f995bcf408839eb619b59bb9f7",
                "sha256:131f4ed14f0fd28d2a9fa50f79a57d5ed1c8f742d3ccac3d773fee09ef6fe217",
                "sha256:13510d32f8db72a0b3e1720dbf8cba5c4eecdf07abc4cb631982f51256c453d1",
                "sha256:31dc4d77ef04ab0460d024786f51466dbbc274fda7c8aad0885a6df5ff8d642e",
                "sha256:35021d9fecea53b21e4defec0ff3ad69a8e2b75aca1ceddd444a5ba71216547e",
                "sha256:426a8ef9e3b97c27e841648241c2862442c13c91ec4a48c4a72b262ccf30add9",
                "sha256:58217698193fb94f3e6ff57eed0ae20381a8d06c2bc10151f76c06bb449a3a19",
                "sha256:5f45adbbb69281845981bb4e0a4efb8a405f10f3cd6c349cb4a5db3357c6bf93",
                "sha256:5fdb524767288f7ad161d2182f7ed6cafc0a283363728dcd04b9485f6411547c",
                "sha256:71fbee1f7ef3fb42efa3761a8faefc796e7e425f528de536cfb4c9de03bde885",
                "sha256:80bd314157851d06f7db7ca527082dbb0ee97afefb529cdcd59f7a5950927ba0",
                "sha256:b843c9ef6aed54a2649887f55959da0031595ccfaf7e7a0ba7aa681ffeaa0aa1",
                "sha256:c6a05ef8125503d2d282ccf1448e3599b8a6bd805c3cdee79760fa3da0ea090e",
                "sha256:deeda2769a52db840efe5bf7bdf7cefa0ae17b43a844a3259d39fb9465c8b008",
                "sha256:e66f8b09eec1afdcab947d3a1d65b87b25fde39e9172ae1bec562488335633b4",
                "sha256:e8db93045414980dbada8908d49dbbc0aa134277da3ff613b3e548cb275bdd37",
                "sha256:f1cc268a15ade58d9a0c04569fe6613e19b8b0345b64453064e2c3c6d79051af",
                "sha256:fe3001b6a4f3f3582a865b9e5081cc548b973ec20320f297f5e2d46860e9c703",
                "sha256:fe85bf7adb26eb47ad53a1bae5d35a28df16b2b93b89042a3a28746617a4738d"
            ],
            "index": "pypi",
            "version": "==0.4.14"
        },
        "html2text": {
            "hashes": [
                "sha256:554ef5fd6c6cf6e3e4f725a62a3e9ec86a0e4d33cd0928136d1c79dbeb7b2d55"
            ],
            "index": "pypi",
            "version": "==2016.9.19"
        },
        "idna": {
            "hashes": [
                "sha256:156a6814fb5ac1fc6850fb002e0852d56c0c8d2531923a51032d1b70760e186e",
                "sha256:684a38a6f903c1d71d6d5fac066b58d7768af4de2b832e426ec79c30daa94a16"
            ],
            "version": "==2.7"
        },
        "jinja2": {
            "hashes": [
                "sha256:89aab215427ef59c34ad58735269eb58b1a5808103067f7bb9d5836c651b3bb0",
                "sha256:f0a4641d3cf955324a89c04f3d94663aa4d638abe8f733ecd3582848e1c37035"
            ],
            "index": "pypi",
            "version": "==2.11.2"
        },
        "libsass": {
            "hashes": [
                "sha256:236762af9c693bb72ed92d65ff4a5a77d27af9494b6174fbec7e6308416673b0",
                "sha256:28a490f350d38fa3a16da8a52e5ae685e71c8938a7b87cf2d58aee892f30c756",
                "sha256:2fb999d978e9cc8f7459f8f07a8acf9fc03d6e9fa95fcf98169bf0a5ede81eb6",
                "sha256:38e9b9b08d299793fffa7b5003d473a6c537e495117f2c44787e3437a5e38f90",
                "sha256:55cb32142f8c5f449edcb4baf040b553d59a604c8957aa177d26782a06d0eb6f",
                "sha256:64414697e65da4bfb47f0e11471bf5c79e1dd81e10e2e4b1a70f8ed1cdc33f5b",
                "sha256:815d60626b329db2943c5d331a5b74d36eb2e441047ae2bd6ad8d1b2c14cfc5d",
                "sha256:a1e3f19ef392badcc87ad75d8988b1720a4d4f5a506f2f52ebb781300c57136d",
                "sha256:b064ccedb51b874c725a40f03fc952afd85bd6f5369d41aa74f393ff3388b9e1",
                "sha256:b8f8cf7c5ee16d217541e6b34def3f45286545077301adc4f54e94977fc69c9f",
                "sha256:c3ea0cbb36745b6cc10278539e0bf93a426f2f497306181fc6214193f493b8d5",
                "sha256:cd20479d80cdb49ba7007611d8a9a7004579d54552e010277764c19d82233a51",
                "sha256:cf43ea1a69bab2836fc953e3d73f32d15efdcbf44c6082df36dd12c76ff59322",
                "sha256:d2b77e43726cd658b1bc13f1a2df543dc34c9f945a9144faecc88ca03fe581ff",
                "sha256:ebf413799057a4dd59d85ceb533935f171117565053341e3714e4cb05253bbbf",
                "sha256:ec659d4d2f60d95160e60f7f52d569bf1b29318018b6f07f8706ff6d4bc04de7",
                "sha256:edb366b784c58c635ace69ef392e5ad3a42690aeac80d43521c64e0ee7706331",
                "sha256:ff07c2c55f9d73d9f57cded30138ff99dfbb9fe7fbc71a4bbb43aa067ad2beed"
            ],
            "index": "pypi",
            "version": "==0.12.3"
        },
        "lxml": {
            "hashes": [
                "sha256:0941f4313208c07734410414d8308812b044fd3fb98573454e3d3a0d2e201f3d",
                "sha256:0b18890aa5730f9d847bc5469e8820f782d72af9985a15a7552109a86b01c113",
                "sha256:21f427945f612ac75576632b1bb8c21233393c961f2da890d7be3927a4b6085f",
                "sha256:24cf6f622a4d49851afcf63ac4f0f3419754d4e98a7a548ab48dd03c635d9bd3",
                "sha256:2dc6705486b8abee1af9e2a3761e30a3cb19e8276f20ca7e137ee6611b93707c",
                "sha256:2e43b2e5b7d2b9abe6e0301eef2c2c122ab45152b968910eae68bdee2c4cfae0",
                "sha256:329a6d8b6d36f7d6f8b6c6a1db3b2c40f7e30a19d3caf62023c9d6a677c1b5e1",
                "sha256:423cde55430a348bda6f1021faad7235c2a95a6bdb749e34824e5758f755817a",
                "sha256:4651ea05939374cfb5fe87aab5271ed38c31ea47997e17ec3834b75b94bd9f15",
                "sha256:4be3bbfb2968d7da6e5c2cd4104fc5ec1caf9c0794f6cae724da5a53b4d9f5a3",
                "sha256:622f7e40faef13d232fb52003661f2764ce6cdef3edb0a59af7c1559e4cc36d1",
                "sha256:664dfd4384d886b239ef0d7ee5cff2b463831079d250528b10e394a322f141f9",
                "sha256:697c0f58ac637b11991a1bc92e07c34da4a72e2eda34d317d2c1c47e2f24c1b3",
                "sha256:6ec908b4c8a4faa7fe1a0080768e2ce733f268b287dfefb723273fb34141475f",
                "sha256:7ec3fe795582b75bb49bb1685ffc462dbe38d74312dac07ce386671a28b5316b",
                "sha256:8c39babd923c431dcf1e5874c0f778d3a5c745a62c3a9b6bd755efd489ee8a1d",
                "sha256:949ca5bc56d6cb73d956f4862ba06ad3c5d2808eac76304284f53ae0c8b2334a",
                "sha256:9f0daddeefb0791a600e6195441910bdf01eac470be596b9467e6122b51239a6",
                "sha256:a359893b01c30e949eae0e8a85671a593364c9f0b8162afe0cb97317af0953bf",
                "sha256:ad5d5d8efed59e6b1d4c50c1eac59fb6ecec91b2073676af1e15fc4d43e9b6c5",
                "sha256:bc1a36f95a6b3667c09b34995fc3a46a82e4cf0dc3e7ab281e4c77b15bd7af05",
                "sha256:be37b3f55b6d7d923f43bf74c356fc1878eb36e28505f38e198cb432c19c7b1a",
                "sha256:c45bca5e544eb75f7500ffd730df72922eb878a2f0213b0dc5a5f357ded3a85d",
                "sha256:ccee7ebbb4735ebc341d347fca9ee09f2fa6c0580528c1414bc4e1d31372835c",
                "sha256:dc62c0840b2fc7753550b40405532a3e125c0d3761f34af948873393aa688160",
                "sha256:f7d9d5aa1c7e54167f1a3cba36b5c52c7c540f30952c9bd7d9302a1eda318424"
            ],
            "index": "pypi",
            "version": "==4.2.3"
        },
        "mako": {
            "hashes": [
                "sha256:fed99dbe4d0ddb27a33ee4910d8708aca9ef1fe854e668387a9ab9a90cbf9059"
            ],
            "index": "pypi",
            "version": "==1.0.4"
        },
        "markupsafe": {
            "hashes": [
                "sha256:a4ec1aff59b95a14b45eb2e23761a0179e98319da5a7eb76b56ea8cdc7b871c3"
            ],
            "index": "pypi",
            "version": "==0.23"
        },
        "mock": {
            "hashes": [
                "sha256:5ce3c71c5545b472da17b72268978914d0252980348636840bd34a00b5cc96c1",
                "sha256:b158b6df76edd239b8208d481dc46b6afd45a846b7812ff0ce58971cf5bc8bba"
            ],
            "index": "pypi",
            "version": "==2.0.0"
        },
        "num2words": {
            "hashes": [
                "sha256:529017394eef84daf63bb57e837fe2fb81363d1b06f6114e86608dae7ceb11ee",
                "sha256:aea26c2d11d636f0e9da094f2bf55ac94cb1c380ff1f86e8db22c210e5a6a05f"
            ],
            "index": "pypi",
            "version": "==0.5.6"
        },
        "ofxparse": {
            "hashes": [
                "sha256:cca83cd3d5578e7003b53457522c6dbb27832b734dbf869adf585f1547c3a91e"
            ],
            "index": "pypi",
            "version": "==0.16"
        },
        "passlib": {
            "hashes": [
                "sha256:a83d34f53dc9b17aa42c9a35c3fbcc5120f3fcb07f7f8721ec45e6a27be347fc",
                "sha256:ad631a58dc8abeb0f48016c13f4b3b0f3a7b1045a8cb3c61dd15e2d95b45c472"
            ],
            "index": "pypi",
            "version": "==1.6.5"
        },
        "pbr": {
            "hashes": [
                "sha256:176e8560eaf61e127817ef93d8a844803abb27a4d4637f0ff3bb783129be2e0a",
                "sha256:672d8ebee84921862110f23fcec2acea191ef58543d34dfe9ef3d9f13c31cddf"
            ],
            "markers": "python_version >= '2.6'",
            "version": "==5.8.0"
        },
        "pillow": {
            "hashes": [
                "sha256:066f3999cb3b070a95c3652712cffa1a748cd02d60ad7b4e485c3748a04d9d76",
                "sha256:0a0956fdc5defc34462bb1c765ee88d933239f9a94bc37d132004775241a7585",
                "sha256:0b052a619a8bfcf26bd8b3f48f45283f9e977890263e4571f2393ed8898d331b",
                "sha256:1394a6ad5abc838c5cd8a92c5a07535648cdf6d09e8e2d6df916dfa9ea86ead8",
                "sha256:1bc723b434fbc4ab50bb68e11e93ce5fb69866ad621e3c2c9bdb0cd70e345f55",
                "sha256:244cf3b97802c34c41905d22810846802a3329ddcb93ccc432870243211c79fc",
                "sha256:25a49dc2e2f74e65efaa32b153527fc5ac98508d502fa46e74fa4fd678ed6645",
                "sha256:2e4440b8f00f504ee4b53fe30f4e381aae30b0568193be305256b1462216feff",
                "sha256:3862b7256046fcd950618ed22d1d60b842e3a40a48236a5498746f21189afbbc",
                "sha256:3eb1ce5f65908556c2d8685a8f0a6e989d887ec4057326f6c22b24e8a172c66b",
                "sha256:3f97cfb1e5a392d75dd8b9fd274d205404729923840ca94ca45a0af57e13dbe6",
                "sha256:493cb4e415f44cd601fcec11c99836f707bb714ab03f5ed46ac25713baf0ff20",
                "sha256:4acc0985ddf39d1bc969a9220b51d94ed51695d455c228d8ac29fcdb25810e6e",
                "sha256:5503c86916d27c2e101b7f71c2ae2cddba01a2cf55b8395b0255fd33fa4d1f1a",
                "sha256:5b7bb9de00197fb4261825c15551adf7605cf14a80badf1761d61e59da347779",
                "sha256:5e9ac5f66616b87d4da618a20ab0a38324dbe88d8a39b55be8964eb520021e02",
                "sha256:620582db2a85b2df5f8a82ddeb52116560d7e5e6b055095f04ad828d1b0baa39",
                "sha256:62cc1afda735a8d109007164714e73771b499768b9bb5afcbbee9d0ff374b43f",
                "sha256:70ad9e5c6cb9b8487280a02c0ad8a51581dcbbe8484ce058477692a27c151c0a",
                "sha256:72b9e656e340447f827885b8d7a15fc8c4e68d410dc2297ef6787eec0f0ea409",
                "sha256:72cbcfd54df6caf85cc35264c77ede902452d6df41166010262374155947460c",
                "sha256:792e5c12376594bfcb986ebf3855aa4b7c225754e9a9521298e460e92fb4a488",
                "sha256:7b7017b61bbcdd7f6363aeceb881e23c46583739cb69a3ab39cb384f6ec82e5b",
                "sha256:81f8d5c81e483a9442d72d182e1fb6dcb9723f289a57e8030811bac9ea3fef8d",
                "sha256:82aafa8d5eb68c8463b6e9baeb4f19043bb31fefc03eb7b216b51e6a9981ae09",
                "sha256:84c471a734240653a0ec91dec0996696eea227eafe72a33bd06c92697728046b",
                "sha256:8c803ac3c28bbc53763e6825746f05cc407b20e4a69d0122e526a582e3b5e153",
                "sha256:93ce9e955cc95959df98505e4608ad98281fff037350d8c2671c9aa86bcf10a9",
                "sha256:9a3e5ddc44c14042f0844b8cf7d2cd455f6cc80fd7f5eefbe657292cf601d9ad",
                "sha256:a4901622493f88b1a29bd30ec1a2f683782e57c3c16a2dbc7f2595ba01f639df",
                "sha256:a5a4532a12314149d8b4e4ad8ff09dde7427731fcfa5917ff16d0291f13609df",
                "sha256:b8831cb7332eda5dc89b21a7bce7ef6ad305548820595033a4b03cf3091235ed",
                "sha256:b8e2f83c56e141920c39464b852de3719dfbfb6e3c99a2d8da0edf4fb33176ed",
                "sha256:c70e94281588ef053ae8998039610dbd71bc509e4acbc77ab59d7d2937b10698",
                "sha256:c8a17b5d948f4ceeceb66384727dde11b240736fddeda54ca740b9b8b1556b29",
                "sha256:d82cdb63100ef5eedb8391732375e6d05993b765f72cb34311fab92103314649",
                "sha256:d89363f02658e253dbd171f7c3716a5d340a24ee82d38aab9183f7fdf0cdca49",
                "sha256:d99ec152570e4196772e7a8e4ba5320d2d27bf22fdf11743dd882936ed64305b",
                "sha256:ddc4d832a0f0b4c52fff973a0d44b6c99839a9d016fe4e6a1cb8f3eea96479c2",
                "sha256:e3dacecfbeec9a33e932f00c6cd7996e62f53ad46fbe677577394aaa90ee419a",
                "sha256:eb9fc393f3c61f9054e1ed26e6fe912c7321af2f41ff49d3f83d05bacf22cc78"
            ],
            "index": "pypi",
            "version": "==8.4.0"
        },
        "psutil": {
            "hashes": [
                "sha256:028a1ec3c6197eadd11e7b46e8cc2f0720dc18ac6d7aabdb8e8c0d6c9704f000",
                "sha256:12542c3642909f4cd1928a2fba59e16fa27e47cbeea60928ebb62a8cbd1ce123",
                "sha256:503e4b20fa9d3342bcf58191bbc20a4a5ef79ca7df8972e6197cc14c5513e73d",
                "sha256:863a85c1c0a5103a12c05a35e59d336e1d665747e531256e061213e2e90f63f3",
                "sha256:954f782608bfef9ae9f78e660e065bd8ffcfaea780f9f2c8a133bb7cb9e826d7",
                "sha256:b6e08f965a305cd84c2d07409bc16fbef4417d67b70c53b299116c5b895e3f45",
                "sha256:bc96d437dfbb8865fc8828cf363450001cb04056bbdcdd6fc152c436c8a74c61",
                "sha256:cf49178021075d47c61c03c0229ac0c60d5e2830f8cab19e2d88e579b18cdb76",
                "sha256:d5350cb66690915d60f8b233180f1e49938756fb2d501c93c44f8fb5b970cc63",
                "sha256:eba238cf1989dfff7d483c029acb0ac4fcbfc15de295d682901f0e2497e6781a"
            ],
            "index": "pypi",
            "version": "==5.6.3"
        },
        "psycopg2": {
            "hashes": [
                "sha256:128d0fa910ada0157bba1cb74a9c5f92bb8a1dca77cf91a31eb274d1f889e001",
                "sha256:227fd46cf9b7255f07687e5bde454d7d67ae39ca77e170097cdef8ebfc30c323",
                "sha256:2315e7f104681d498ccf6fd70b0dba5bce65d60ac92171492bfe228e21dcc242",
                "sha256:4b5417dcd2999db0f5a891d54717cfaee33acc64f4772c4bc574d4ff95ed9d80",
                "sha256:640113ddc943522aaf71294e3f2d24013b0edd659b7820621492c9ebd3a2fb0b",
                "sha256:897a6e838319b4bf648a574afb6cabcb17d0488f8c7195100d48d872419f4457",
                "sha256:8dceca81409898c870e011c71179454962dec152a1a6b86a347f4be74b16d864",
                "sha256:b1b8e41da09a0c3ef0b3d4bb72da0dde2abebe583c1e8462973233fd5ad0235f",
                "sha256:cb407fccc12fc29dc331f2b934913405fa49b9b75af4f3a72d0f50f57ad2ca23",
                "sha256:d3a27550a8185e53b244ad7e79e307594b92fede8617d80200a8cce1fba2c60f",
                "sha256:f0e6b697a975d9d3ccd04135316c947dd82d841067c7800ccf622a8717e98df1"
            ],
            "index": "pypi",
            "version": "==2.8.3"
        },
        "pydot": {
            "hashes": [
                "sha256:edb5d3f249f97fbd9c4bb16959e61bc32ecf40eee1a9f6d27abe8d01c0a73502"
            ],
            "index": "pypi",
            "version": "==1.2.3"
        },
        "pyldap": {
            "hashes": [
                "sha256:d38f31018f0c15925f50aec39f7255c15463f98797af53931e0e2a9ac21f6661"
            ],
            "index": "pypi",
            "version": "==2.4.28"
        },
        "pyparsing": {
            "hashes": [
                "sha256:0aa6e8d8c3f9c447a95a33bb04b103ead630121c3f4233e2980348cecf8b69c8",
                "sha256:0fef8411ad305909b1a679471d66f25ef4477f24666598deceb4bb640c2eb6c2",
                "sha256:4fa446b1c36509e75d883a1a552b51dda9b82bfd914a24ded17ceb5d90b53cc5",
                "sha256:67101d7acee692962f33dd30b5dce079ff532dd9aa99ff48d52a3dad51d2fe84",
                "sha256:811c3e7b0031021137fc83e051795025fcb98674d07eb8fe922ba4de53d39188",
                "sha256:a00f6e57bf4e2b3d999223d36c14d839f12145d5b1f12126124424e8c43d856e",
                "sha256:a163f9079b84da728e4967e3f36476ed168d86b2fc2f49c6e609125600f9d60b",
                "sha256:a27bf672302765ab04ed5c976dd44c55c0702f7a25a5e5e78bc91207d5b07da4"
            ],
            "index": "pypi",
            "version": "==2.1.10"
        },
        "pypdf2": {
            "hashes": [
                "sha256:e28f902f2f0a1603ea95ebe21dff311ef09be3d0f0ef29a3e44a932729564385"
            ],
            "index": "pypi",
            "version": "==1.26.0"
        },
        "pyserial": {
            "hashes": [
                "sha256:b4fcd6a7d329c844781df80fb06a4a9e21f3ac5623a687a975cbce8a8e4a82d2",
                "sha256:d657051249ce3cbd0446bcfb2be07a435e1029da4d63f53ed9b4cdde7373364c"
            ],
            "index": "pypi",
            "version": "==3.1.1"
        },
        "python-dateutil": {
            "hashes": [
                "sha256:1408fdb07c6a1fa9997567ce3fcee6a337b39a503d80699e0f213de4aa4b32ed",
                "sha256:598499a75be2e5e18a66f12c00dd47a069de24794effeda4228bfc760f44f527",
                "sha256:9d94861f04ce14f9a3d835206067c889b8f1244f1415035dadcf9c10066adf04"
            ],
            "index": "pypi",
            "version": "==2.5.3"
        },
        "pytz": {
            "hashes": [
                "sha256:054d9814d00254571cff84f6faedb25c046008322cbe51a6d5664c912b4f2929",
                "sha256:1fb6744706e5d75efb255ccbe8573c8358ae566d9230e4c836dd1c06eb8e4c4c",
                "sha256:2ff2e244773d7e11c3892f3c2d23701d8ee8db2b33f1d7f49e9c8087ac86fef0",
                "sha256:6335852904b372c332eb117bd4040cb8038088b29d1e15185ce21b238cc038f1",
                "sha256:6eab31709e3a4aea748457707da45e805b650cbb352583805d2417de2a1dd71e",
                "sha256:74637ce79cc9ba2c54e4e6009369dcbc0693912616edcb589f428c68c5388169",
                "sha256:8787de03f35f31699bcaf127e56ad14c00647965ed24d72dbaca87c6e4f843a3",
                "sha256:8ccc359571bd77c6720b15bed8434681ef4e2ff59a47a39dc83fa36f36659d73",
                "sha256:a7bfa766bc70adb72f32476c7e5d8fd911c569beb75f192271743a166be4a218",
                "sha256:ac50f623d13bf448fd844f1ec269f63afc97f328b792f713918c9af3e83e1d19",
                "sha256:c6fe748ed6c676d9404b47897cfb399c514fb7428298465c8a3310ee5a2a0ec9",
                "sha256:cfe881048e0bcb348b901bc1972a54b5e5389274315acbe9384d68569b8ed1f9",
                "sha256:e16a04228fa684f14e5b4c9cd8057a28c5ec08c1a58890d2f4c30f5bf62ffbf9"
            ],
            "index": "pypi",
            "version": "==2016.7"
        },
        "pyusb": {
            "hashes": [
                "sha256:5b34ffa74ac34f330bff949c94ee00ec4a9d147234db17ee2eed2a67c0275368"
            ],
            "index": "pypi",
            "version": "==1.0.0"
        },
        "qrcode": {
            "hashes": [
                "sha256:4115ccee832620df16b659d4653568331015c718a754855caf5930805d76924e",
                "sha256:60222a612b83231ed99e6cb36e55311227c395d0d0f62e41bb51ebbb84a9a22b"
            ],
            "index": "pypi",
            "version": "==5.3"
        },
        "reportlab": {
            "hashes": [
                "sha256:343ea8083cd964d026c579071b0bff079e043c8db8ee094127c12e28daa0e1d0",
                "sha256:4da11cd1e1407aa3fed5198aa5edfa4fb28c11f3b7cd3300330584ae4cfdb213",
                "sha256:52e7f1b1fddc090bbfdb81076a9d5c56ed0d6e64c6cc244a06fb3a43620b3d47",
                "sha256:5e43daa9e0aa0bf039059534ada27078a225a9dc79c881b76c7a3da2fc8f3122",
                "sha256:8a98135473944e8dfb505c33cc1b868d6eba25aefea42260d99e5bf51670112d",
                "sha256:96db4db47652a3c848afb3c26438eea2d6b9827ae17ebff5e76dd01c491b8e2a",
                "sha256:d932b66885aed7564672cc0750c75d1399495165bea205ecb4b2426bbd68514c",
                "sha256:f48900b9321bcb2871a46543993bd995148d769a11a9e24495f25b4ec0bbe267",
                "sha256:fe0acf7463ac28e231d11a387a1f8dd50b7984c630eccef0c4299c55d16b77b3"
            ],
            "index": "pypi",
            "version": "==3.3.0"
        },
        "requests": {
            "hashes": [
                "sha256:99dcfdaaeb17caf6e526f32b6a7b780461512ab3f1d992187801694cba42770c",
                "sha256:a84b8c9ab6239b578f22d1c21d51b696dcfe004032bb80ea832398d6909d7279"
            ],
            "index": "pypi",
            "version": "==2.20.0"
        },
        "six": {
            "hashes": [
                "sha256:1e61c37477a1626458e36f7b1d82aa5c9b094fa4802892072e49de9c60c4c926",
                "sha256:8abb2f1d86890a2dfb989f9a77cfcfd3e47c2a354b01111771326f8aa26e0254"
            ],
            "markers": "python_version >= '2.7' and python_version not in '3.0, 3.1, 3.2'",
            "version": "==1.16.0"
        },
        "soupsieve": {
            "hashes": [
                "sha256:1a3cca2617c6b38c0343ed661b1fa5de5637f257d4fe22bd9f1338010a1efefb",
                "sha256:b8d49b1cd4f037c7082a9683dfa1801aa2597fb11c3a1155b7a5b94829b4f1f9"
            ],
            "markers": "python_version >= '3.6'",
            "version": "==2.3.1"
        },
        "suds": {
            "hashes": [
                "sha256:94702a4d1ad7875789b66da7a3d5ab163fb5a06b018bbd940a144e00413624ad",
                "sha256:f1c5b50c69791ce6beaf0e17709c9aacc4f913c31f248566a1c733caf6e93966"
            ],
            "index": "pypi",
            "version": "==1.0.0"
        },
        "urllib3": {
            "hashes": [
                "sha256:2393a695cd12afedd0dcb26fe5d50d0cf248e5a66f75dbd89a3d4eb333a61af4",
                "sha256:a637e5fae88995b256e3409dc4d52c2e2e0ba32c42a6365fee8bbd2238de3cfb"
            ],
            "markers": "python_version >= '2.7' and python_version not in '3.0, 3.1, 3.2, 3.3' and python_version < '4'",
            "version": "==1.24.3"
        },
        "vobject": {
            "hashes": [
                "sha256:10b150b87ee5fffefd3aa1ea12f31aab45a7b7d010d1ce6816afaff8db726520"
            ],
            "index": "pypi",
            "version": "==0.9.3"
        },
        "werkzeug": {
            "hashes": [
                "sha256:455d7798ac263266dbd38d4841f7534dd35ca9c3da4a8df303f8488f38f3bcc0",
                "sha256:c6f6f89124df0514d886782c658c3e12f2caaa94da34cee3fd82eebf4ebf052b"
            ],
            "index": "pypi",
            "version": "==0.11.15"
        },
        "xlsxwriter": {
            "hashes": [
                "sha256:19d2b5c0dd4d5fc00e8d7f164795f50e885b20d1cc27a3d04d5c7fec3c4d57f6",
                "sha256:59f50a2135afcf53804c46ae4f849ca9751963d729a330767834aee9ff9525e4"
            ],
            "index": "pypi",
            "version": "==0.9.3"
        },
        "xlwt": {
            "hashes": [
                "sha256:a082260524678ba48a297d922cc385f58278b8aa68741596a87de01a9c628b2e",
                "sha256:c59912717a9b28f1a3c2a98fd60741014b06b043936dcecbc113eaaada156c88"
            ],
            "index": "pypi",
            "version": "==1.3.0"
        }
    },
    "develop": {}
}
